{
  "pins" : [
    {
      "identity" : "coreaudioextensions",
      "kind" : "remoteSourceControl",
      "location" : "https://github.com/sbooth/CoreAudioExtensions",
      "state" : {
        "revision" : "6786ff0074ae44e6c1c053d113218aeca47eaccc",
        "version" : "0.3.0"
      }
    }
  ],
  "version" : 2
}
